
Microsoft Visual Studio Solution File, Format Version 12.00
# Visual Studio 15
VisualStudioVersion = 15.0.26730.12
MinimumVisualStudioVersion = 10.0.40219.1
Project("{FAE04EC0-301F-11D3-BF4B-00C04F79EFBC}") = "LyncConfUserList", "LyncConfUserList\LyncConfUserList.csproj", "{D193C987-5D95-49C9-8B3C-155318D3679B}"
EndProject
Project("{54435603-DBB4-11D2-8724-00A0C9A8B90C}") = "LyncConfUserListSetup", "LyncConfUserListSetup\LyncConfUserListSetup.vdproj", "{39EE4A33-51E7-4E4F-AAD8-7B257C164F08}"
EndProject
Global
	GlobalSection(SolutionConfigurationPlatforms) = preSolution
		Debug|Any CPU = Debug|Any CPU
		Release|Any CPU = Release|Any CPU
	EndGlobalSection
	GlobalSection(ProjectConfigurationPlatforms) = postSolution
		{D193C987-5D95-49C9-8B3C-155318D3679B}.Debug|Any CPU.ActiveCfg = Debug|Any CPU
		{D193C987-5D95-49C9-8B3C-155318D3679B}.Debug|Any CPU.Build.0 = Debug|Any CPU
		{D193C987-5D95-49C9-8B3C-155318D3679B}.Release|Any CPU.ActiveCfg = Release|Any CPU
		{D193C987-5D95-49C9-8B3C-155318D3679B}.Release|Any CPU.Build.0 = Release|Any CPU
		{39EE4A33-51E7-4E4F-AAD8-7B257C164F08}.Debug|Any CPU.ActiveCfg = Debug
		{39EE4A33-51E7-4E4F-AAD8-7B257C164F08}.Release|Any CPU.ActiveCfg = Release
	EndGlobalSection
	GlobalSection(SolutionProperties) = preSolution
		HideSolutionNode = FALSE
	EndGlobalSection
	GlobalSection(ExtensibilityGlobals) = postSolution
		SolutionGuid = {EB71DEAC-BB63-463E-A6F6-D4E67800DA48}
	EndGlobalSection
EndGlobal
